
Microsoft Visual Studio Solution File, Format Version 12.00
# Visual Studio Version 16
VisualStudioVersion = 16.0.29613.14
MinimumVisualStudioVersion = 10.0.40219.1
Project("{FAE04EC0-301F-11D3-BF4B-00C04F79EFBC}") = "BinarySearch", "BinarySearch\BinarySearch.csproj", "{BF6D4937-62B8-4BCE-AACB-F7F358B2B1BA}"
EndProject
Global
	GlobalSection(SolutionConfigurationPlatforms) = preSolution
		Debug|Any CPU = Debug|Any CPU
		Release|Any CPU = Release|Any CPU
	EndGlobalSection
	GlobalSection(ProjectConfigurationPlatforms) = postSolution
		{BF6D4937-62B8-4BCE-AACB-F7F358B2B1BA}.Debug|Any CPU.ActiveCfg = Debug|Any CPU
		{BF6D4937-62B8-4BCE-AACB-F7F358B2B1BA}.Debug|Any CPU.Build.0 = Debug|Any CPU
		{BF6D4937-62B8-4BCE-AACB-F7F358B2B1BA}.Release|Any CPU.ActiveCfg = Release|Any CPU
		{BF6D4937-62B8-4BCE-AACB-F7F358B2B1BA}.Release|Any CPU.Build.0 = Release|Any CPU
	EndGlobalSection
	GlobalSection(SolutionProperties) = preSolution
		HideSolutionNode = FALSE
	EndGlobalSection
	GlobalSection(ExtensibilityGlobals) = postSolution
		SolutionGuid = {770AF99A-67C0-4A6F-9210-CA20179598B3}
	EndGlobalSection
EndGlobal
